
Microsoft Visual Studio Solution File, Format Version 12.00
# Visual Studio Version 16
VisualStudioVersion = 16.0.31515.178
MinimumVisualStudioVersion = 10.0.40219.1
Project("{9A19103F-16F7-4668-BE54-9A1E7A4F7556}") = "ShopApp.WebUI", "ShopApp.WebUI\ShopApp.WebUI.csproj", "{88AF9597-7C22-4766-9780-12ED8632C382}"
EndProject
Project("{9A19103F-16F7-4668-BE54-9A1E7A4F7556}") = "ShopApp.Entity", "ShopApp.Entity\ShopApp.Entity.csproj", "{42E77B17-59E8-4AD1-86DA-1A3C8D2BDE44}"
EndProject
Project("{9A19103F-16F7-4668-BE54-9A1E7A4F7556}") = "ShopApp.DataAccess", "ShopApp.DataAccess\ShopApp.DataAccess.csproj", "{75A3221E-4E8E-4DD6-A681-D78E19AC0BFC}"
EndProject
Project("{9A19103F-16F7-4668-BE54-9A1E7A4F7556}") = "ShopApp.Business", "ShopApp.Business\ShopApp.Business.csproj", "{10F6EEE8-D211-404C-816D-0C31CDA62816}"
EndProject
Global
	GlobalSection(SolutionConfigurationPlatforms) = preSolution
		Debug|Any CPU = Debug|Any CPU
		Release|Any CPU = Release|Any CPU
	EndGlobalSection
	GlobalSection(ProjectConfigurationPlatforms) = postSolution
		{88AF9597-7C22-4766-9780-12ED8632C382}.Debug|Any CPU.ActiveCfg = Debug|Any CPU
		{88AF9597-7C22-4766-9780-12ED8632C382}.Debug|Any CPU.Build.0 = Debug|Any CPU
		{88AF9597-7C22-4766-9780-12ED8632C382}.Release|Any CPU.ActiveCfg = Release|Any CPU
		{88AF9597-7C22-4766-9780-12ED8632C382}.Release|Any CPU.Build.0 = Release|Any CPU
		{42E77B17-59E8-4AD1-86DA-1A3C8D2BDE44}.Debug|Any CPU.ActiveCfg = Debug|Any CPU
		{42E77B17-59E8-4AD1-86DA-1A3C8D2BDE44}.Debug|Any CPU.Build.0 = Debug|Any CPU
		{42E77B17-59E8-4AD1-86DA-1A3C8D2BDE44}.Release|Any CPU.ActiveCfg = Release|Any CPU
		{42E77B17-59E8-4AD1-86DA-1A3C8D2BDE44}.Release|Any CPU.Build.0 = Release|Any CPU
		{75A3221E-4E8E-4DD6-A681-D78E19AC0BFC}.Debug|Any CPU.ActiveCfg = Debug|Any CPU
		{75A3221E-4E8E-4DD6-A681-D78E19AC0BFC}.Debug|Any CPU.Build.0 = Debug|Any CPU
		{75A3221E-4E8E-4DD6-A681-D78E19AC0BFC}.Release|Any CPU.ActiveCfg = Release|Any CPU
		{75A3221E-4E8E-4DD6-A681-D78E19AC0BFC}.Release|Any CPU.Build.0 = Release|Any CPU
		{10F6EEE8-D211-404C-816D-0C31CDA62816}.Debug|Any CPU.ActiveCfg = Debug|Any CPU
		{10F6EEE8-D211-404C-816D-0C31CDA62816}.Debug|Any CPU.Build.0 = Debug|Any CPU
		{10F6EEE8-D211-404C-816D-0C31CDA62816}.Release|Any CPU.ActiveCfg = Release|Any CPU
		{10F6EEE8-D211-404C-816D-0C31CDA62816}.Release|Any CPU.Build.0 = Release|Any CPU
	EndGlobalSection
	GlobalSection(SolutionProperties) = preSolution
		HideSolutionNode = FALSE
	EndGlobalSection
	GlobalSection(ExtensibilityGlobals) = postSolution
		SolutionGuid = {11609B90-FBCA-4040-B067-8E8ECBCC8AA5}
	EndGlobalSection
EndGlobal
